
Microsoft Visual Studio Solution File, Format Version 12.00
# Visual Studio Version 17
VisualStudioVersion = 17.7.34031.279
MinimumVisualStudioVersion = 10.0.40219.1
Project("{9A19103F-16F7-4668-BE54-9A1E7A4F7556}") = "DecoratorPattern", "DecoratorPattern\DecoratorPattern.csproj", "{6D038C0E-6411-457F-960F-98B2DE65C9B5}"
EndProject
Project("{9A19103F-16F7-4668-BE54-9A1E7A4F7556}") = "ATS", "ATS\ATS.csproj", "{15A536C5-7B21-4D2D-9CF7-FEDFC36D79E4}"
EndProject
Project("{9A19103F-16F7-4668-BE54-9A1E7A4F7556}") = "FactoryPattern", "FactoryPattern\FactoryPattern.csproj", "{D57E1E0E-76A6-463C-8186-8E66B7DD05AA}"
EndProject
Project("{FAE04EC0-301F-11D3-BF4B-00C04F79EFBC}") = "CommandPattern", "CommandPattern\CommandPattern.csproj", "{7AD34CB4-4A0D-4D5E-819F-EAE8887177FF}"
EndProject
Global
	GlobalSection(SolutionConfigurationPlatforms) = preSolution
		Debug|Any CPU = Debug|Any CPU
		Release|Any CPU = Release|Any CPU
	EndGlobalSection
	GlobalSection(ProjectConfigurationPlatforms) = postSolution
		{6D038C0E-6411-457F-960F-98B2DE65C9B5}.Debug|Any CPU.ActiveCfg = Debug|Any CPU
		{6D038C0E-6411-457F-960F-98B2DE65C9B5}.Debug|Any CPU.Build.0 = Debug|Any CPU
		{6D038C0E-6411-457F-960F-98B2DE65C9B5}.Release|Any CPU.ActiveCfg = Release|Any CPU
		{6D038C0E-6411-457F-960F-98B2DE65C9B5}.Release|Any CPU.Build.0 = Release|Any CPU
		{15A536C5-7B21-4D2D-9CF7-FEDFC36D79E4}.Debug|Any CPU.ActiveCfg = Debug|Any CPU
		{15A536C5-7B21-4D2D-9CF7-FEDFC36D79E4}.Debug|Any CPU.Build.0 = Debug|Any CPU
		{15A536C5-7B21-4D2D-9CF7-FEDFC36D79E4}.Release|Any CPU.ActiveCfg = Release|Any CPU
		{15A536C5-7B21-4D2D-9CF7-FEDFC36D79E4}.Release|Any CPU.Build.0 = Release|Any CPU
		{D57E1E0E-76A6-463C-8186-8E66B7DD05AA}.Debug|Any CPU.ActiveCfg = Debug|Any CPU
		{D57E1E0E-76A6-463C-8186-8E66B7DD05AA}.Debug|Any CPU.Build.0 = Debug|Any CPU
		{D57E1E0E-76A6-463C-8186-8E66B7DD05AA}.Release|Any CPU.ActiveCfg = Release|Any CPU
		{D57E1E0E-76A6-463C-8186-8E66B7DD05AA}.Release|Any CPU.Build.0 = Release|Any CPU
		{7AD34CB4-4A0D-4D5E-819F-EAE8887177FF}.Debug|Any CPU.ActiveCfg = Debug|Any CPU
		{7AD34CB4-4A0D-4D5E-819F-EAE8887177FF}.Debug|Any CPU.Build.0 = Debug|Any CPU
		{7AD34CB4-4A0D-4D5E-819F-EAE8887177FF}.Release|Any CPU.ActiveCfg = Release|Any CPU
		{7AD34CB4-4A0D-4D5E-819F-EAE8887177FF}.Release|Any CPU.Build.0 = Release|Any CPU
	EndGlobalSection
	GlobalSection(SolutionProperties) = preSolution
		HideSolutionNode = FALSE
	EndGlobalSection
	GlobalSection(ExtensibilityGlobals) = postSolution
		SolutionGuid = {666C5B49-2112-429B-9070-2F2997721238}
	EndGlobalSection
EndGlobal
